
Microsoft Visual Studio Solution File, Format Version 12.00
# Visual Studio Version 16
VisualStudioVersion = 16.0.29215.179
MinimumVisualStudioVersion = 10.0.40219.1
Project("{FAE04EC0-301F-11D3-BF4B-00C04F79EFBC}") = "WeatherAPI", "WeatherAPI\WeatherAPI.csproj", "{1DEE12B7-04AF-46D2-86ED-89F4141A9999}"
EndProject
Global
	GlobalSection(SolutionConfigurationPlatforms) = preSolution
		Debug|Any CPU = Debug|Any CPU
		Release|Any CPU = Release|Any CPU
	EndGlobalSection
	GlobalSection(ProjectConfigurationPlatforms) = postSolution
		{1DEE12B7-04AF-46D2-86ED-89F4141A9999}.Debug|Any CPU.ActiveCfg = Debug|Any CPU
		{1DEE12B7-04AF-46D2-86ED-89F4141A9999}.Debug|Any CPU.Build.0 = Debug|Any CPU
		{1DEE12B7-04AF-46D2-86ED-89F4141A9999}.Release|Any CPU.ActiveCfg = Release|Any CPU
		{1DEE12B7-04AF-46D2-86ED-89F4141A9999}.Release|Any CPU.Build.0 = Release|Any CPU
	EndGlobalSection
	GlobalSection(SolutionProperties) = preSolution
		HideSolutionNode = FALSE
	EndGlobalSection
	GlobalSection(ExtensibilityGlobals) = postSolution
		SolutionGuid = {73373D51-7B19-4FBD-895F-A3B66428FC2C}
	EndGlobalSection
EndGlobal
